
Microsoft Visual Studio Solution File, Format Version 12.00
# Visual Studio 2017
Project("{FAE04EC0-301F-11D3-BF4B-00C04F79EFBC}") = "UnityTycoonUpdate_L1", "UnityTycoonUpdate_L1.csproj", "{B679DBA7-2D45-87E3-8DED-E4E9E43DFB57}"
EndProject
Global
	GlobalSection(SolutionConfigurationPlatforms) = preSolution
		Debug|Any CPU = Debug|Any CPU
		Release|Any CPU = Release|Any CPU
	EndGlobalSection
	GlobalSection(ProjectConfigurationPlatforms) = postSolution
		{B679DBA7-2D45-87E3-8DED-E4E9E43DFB57}.Debug|Any CPU.ActiveCfg = Debug|Any CPU
		{B679DBA7-2D45-87E3-8DED-E4E9E43DFB57}.Debug|Any CPU.Build.0 = Debug|Any CPU
		{B679DBA7-2D45-87E3-8DED-E4E9E43DFB57}.Release|Any CPU.ActiveCfg = Release|Any CPU
		{B679DBA7-2D45-87E3-8DED-E4E9E43DFB57}.Release|Any CPU.Build.0 = Release|Any CPU
	EndGlobalSection
	GlobalSection(SolutionProperties) = preSolution
		HideSolutionNode = FALSE
	EndGlobalSection
EndGlobal
