
Microsoft Visual Studio Solution File, Format Version 12.00
# Visual Studio 2015
Project("{FAE04EC0-301F-11D3-BF4B-00C04F79EFBC}") = "UnityTycoon - RefactoringVideoCurrent.CSharp", "UnityTycoon - RefactoringVideoCurrent.CSharp.csproj", "{13329773-E6B4-6FAE-92FA-F20544F73C44}"
EndProject
Global
	GlobalSection(SolutionConfigurationPlatforms) = preSolution
		Debug|Any CPU = Debug|Any CPU
		Release|Any CPU = Release|Any CPU
	EndGlobalSection
	GlobalSection(ProjectConfigurationPlatforms) = postSolution
		{13329773-E6B4-6FAE-92FA-F20544F73C44}.Debug|Any CPU.ActiveCfg = Debug|Any CPU
		{13329773-E6B4-6FAE-92FA-F20544F73C44}.Debug|Any CPU.Build.0 = Debug|Any CPU
		{13329773-E6B4-6FAE-92FA-F20544F73C44}.Release|Any CPU.ActiveCfg = Release|Any CPU
		{13329773-E6B4-6FAE-92FA-F20544F73C44}.Release|Any CPU.Build.0 = Release|Any CPU
	EndGlobalSection
	GlobalSection(SolutionProperties) = preSolution
		HideSolutionNode = FALSE
	EndGlobalSection
EndGlobal
